{
  "name": "test",
  "version": "1.0.0",
  "lockfileVersion": 2,
  "requires": true,
  "packages": {
    "": {
      "name": "test",
      "version": "1.0.0",
      "license": "ISC",
      "dependencies": {
        "json-to-csv-in-browser": "file:.yalc/json-to-csv-in-browser"
      }
    },
    ".yalc/json-to-csv-in-browser": {
      "version": "1.0.5",
      "license": "MIT"
    },
    "node_modules/json-to-csv-in-browser": {
      "resolved": ".yalc/json-to-csv-in-browser",
      "link": true
    }
  },
  "dependencies": {
    "json-to-csv-in-browser": {
      "version": "file:.yalc/json-to-csv-in-browser"
    }
  }
}
